
Microsoft Visual Studio Solution File, Format Version 12.00
# Visual Studio Version 17
VisualStudioVersion = 17.3.32901.215
MinimumVisualStudioVersion = 10.0.40219.1
Project("{FAE04EC0-301F-11D3-BF4B-00C04F79EFBC}") = "Falsetto.Server", "Server\Falsetto.Server.csproj", "{2FF305C3-AD71-4A39-AD5D-5434758CD7CA}"
EndProject
Project("{FAE04EC0-301F-11D3-BF4B-00C04F79EFBC}") = "Falsetto.Client", "Client\Falsetto.Client.csproj", "{3CAB685E-2F07-4DDE-A436-2F3ECB04309E}"
EndProject
Project("{FAE04EC0-301F-11D3-BF4B-00C04F79EFBC}") = "Falsetto.Shared", "Shared\Falsetto.Shared.csproj", "{93C2F93F-5557-476E-B13D-2307FAD0C639}"
EndProject
Global
	GlobalSection(SolutionConfigurationPlatforms) = preSolution
		Debug|Any CPU = Debug|Any CPU
		Release|Any CPU = Release|Any CPU
	EndGlobalSection
	GlobalSection(ProjectConfigurationPlatforms) = postSolution
		{2FF305C3-AD71-4A39-AD5D-5434758CD7CA}.Debug|Any CPU.ActiveCfg = Debug|Any CPU
		{2FF305C3-AD71-4A39-AD5D-5434758CD7CA}.Debug|Any CPU.Build.0 = Debug|Any CPU
		{2FF305C3-AD71-4A39-AD5D-5434758CD7CA}.Release|Any CPU.ActiveCfg = Release|Any CPU
		{2FF305C3-AD71-4A39-AD5D-5434758CD7CA}.Release|Any CPU.Build.0 = Release|Any CPU
		{3CAB685E-2F07-4DDE-A436-2F3ECB04309E}.Debug|Any CPU.ActiveCfg = Debug|Any CPU
		{3CAB685E-2F07-4DDE-A436-2F3ECB04309E}.Debug|Any CPU.Build.0 = Debug|Any CPU
		{3CAB685E-2F07-4DDE-A436-2F3ECB04309E}.Release|Any CPU.ActiveCfg = Release|Any CPU
		{3CAB685E-2F07-4DDE-A436-2F3ECB04309E}.Release|Any CPU.Build.0 = Release|Any CPU
		{93C2F93F-5557-476E-B13D-2307FAD0C639}.Debug|Any CPU.ActiveCfg = Debug|Any CPU
		{93C2F93F-5557-476E-B13D-2307FAD0C639}.Debug|Any CPU.Build.0 = Debug|Any CPU
		{93C2F93F-5557-476E-B13D-2307FAD0C639}.Release|Any CPU.ActiveCfg = Release|Any CPU
		{93C2F93F-5557-476E-B13D-2307FAD0C639}.Release|Any CPU.Build.0 = Release|Any CPU
	EndGlobalSection
	GlobalSection(SolutionProperties) = preSolution
		HideSolutionNode = FALSE
	EndGlobalSection
	GlobalSection(ExtensibilityGlobals) = postSolution
		SolutionGuid = {41E99040-DAB6-4F82-A49A-41331A063372}
	EndGlobalSection
EndGlobal
